
Microsoft Visual Studio Solution File, Format Version 12.00
# Visual Studio Version 17
VisualStudioVersion = 17.14.36203.30
MinimumVisualStudioVersion = 10.0.40219.1
Project("{FAE04EC0-301F-11D3-BF4B-00C04F79EFBC}") = "DGIIFacturadorLoginMVCApp", "DGIIFacturadorLoginMVCApp.csproj", "{F7D350B4-DE37-4150-BE20-0CA129E3265D}"
EndProject
Project("{FAE04EC0-301F-11D3-BF4B-00C04F79EFBC}") = "ConexionDGIINETFramework", "..\FacturacionElectronicaDGII\ConexionDGIINETFramework.csproj", "{BC099EB5-29CF-473E-909B-F9B84743E13B}"
EndProject
Global
	GlobalSection(SolutionConfigurationPlatforms) = preSolution
		Debug|Any CPU = Debug|Any CPU
		Release|Any CPU = Release|Any CPU
	EndGlobalSection
	GlobalSection(ProjectConfigurationPlatforms) = postSolution
		{F7D350B4-DE37-4150-BE20-0CA129E3265D}.Debug|Any CPU.ActiveCfg = Debug|Any CPU
		{F7D350B4-DE37-4150-BE20-0CA129E3265D}.Debug|Any CPU.Build.0 = Debug|Any CPU
		{F7D350B4-DE37-4150-BE20-0CA129E3265D}.Release|Any CPU.ActiveCfg = Release|Any CPU
		{F7D350B4-DE37-4150-BE20-0CA129E3265D}.Release|Any CPU.Build.0 = Release|Any CPU
		{BC099EB5-29CF-473E-909B-F9B84743E13B}.Debug|Any CPU.ActiveCfg = Debug|Any CPU
		{BC099EB5-29CF-473E-909B-F9B84743E13B}.Debug|Any CPU.Build.0 = Debug|Any CPU
		{BC099EB5-29CF-473E-909B-F9B84743E13B}.Release|Any CPU.ActiveCfg = Release|Any CPU
		{BC099EB5-29CF-473E-909B-F9B84743E13B}.Release|Any CPU.Build.0 = Release|Any CPU
	EndGlobalSection
	GlobalSection(SolutionProperties) = preSolution
		HideSolutionNode = FALSE
	EndGlobalSection
	GlobalSection(ExtensibilityGlobals) = postSolution
		SolutionGuid = {B0284FC9-B3EA-4F66-98FB-B3388507314B}
	EndGlobalSection
EndGlobal
